
Microsoft Visual Studio Solution File, Format Version 12.00
# Visual Studio 15
VisualStudioVersion = 15.0.27130.2036
MinimumVisualStudioVersion = 10.0.40219.1
Project("{8BC9CEB8-8B4A-11D0-8D11-00A0C91BC942}") = "PamolaProject", "PamolaProject\PamolaProject.vcxproj", "{AA95A293-596D-496C-9381-62D03F3CA3CC}"
EndProject
Project("{8BC9CEB8-8B4A-11D0-8D11-00A0C91BC942}") = "Pamola.UT", "Pamola.UT\Pamola.UT.vcxproj", "{E8C836CE-CABC-43F2-A1D1-6B8A9017366E}"
EndProject
Project("{8BC9CEB8-8B4A-11D0-8D11-00A0C91BC942}") = "Pamola.Numerical", "Pamola.Numerical\Pamola.Numerical.vcxproj", "{F07849E8-050F-41AD-BD4C-1EDA96A12D35}"
EndProject
Project("{8BC9CEB8-8B4A-11D0-8D11-00A0C91BC942}") = "Pamola.Numerical.UT", "Pamola.Numerical.UT\Pamola.Numerical.UT.vcxproj", "{8E95133C-9D91-4F2A-A4CE-722C73E03759}"
EndProject
Project("{8BC9CEB8-8B4A-11D0-8D11-00A0C91BC942}") = "Pamola.Transient", "Pamola.Transient\Pamola.Transient.vcxproj", "{FD9E3D7F-50C2-4203-8206-AA40F650A38B}"
EndProject
Global
	GlobalSection(SolutionConfigurationPlatforms) = preSolution
		Debug|x64 = Debug|x64
		Debug|x86 = Debug|x86
		Release|x64 = Release|x64
		Release|x86 = Release|x86
	EndGlobalSection
	GlobalSection(ProjectConfigurationPlatforms) = postSolution
		{AA95A293-596D-496C-9381-62D03F3CA3CC}.Debug|x64.ActiveCfg = Debug|x64
		{AA95A293-596D-496C-9381-62D03F3CA3CC}.Debug|x64.Build.0 = Debug|x64
		{AA95A293-596D-496C-9381-62D03F3CA3CC}.Debug|x86.ActiveCfg = Debug|Win32
		{AA95A293-596D-496C-9381-62D03F3CA3CC}.Debug|x86.Build.0 = Debug|Win32
		{AA95A293-596D-496C-9381-62D03F3CA3CC}.Release|x64.ActiveCfg = Release|x64
		{AA95A293-596D-496C-9381-62D03F3CA3CC}.Release|x64.Build.0 = Release|x64
		{AA95A293-596D-496C-9381-62D03F3CA3CC}.Release|x86.ActiveCfg = Release|Win32
		{AA95A293-596D-496C-9381-62D03F3CA3CC}.Release|x86.Build.0 = Release|Win32
		{E8C836CE-CABC-43F2-A1D1-6B8A9017366E}.Debug|x64.ActiveCfg = Debug|x64
		{E8C836CE-CABC-43F2-A1D1-6B8A9017366E}.Debug|x64.Build.0 = Debug|x64
		{E8C836CE-CABC-43F2-A1D1-6B8A9017366E}.Debug|x86.ActiveCfg = Debug|Win32
		{E8C836CE-CABC-43F2-A1D1-6B8A9017366E}.Debug|x86.Build.0 = Debug|Win32
		{E8C836CE-CABC-43F2-A1D1-6B8A9017366E}.Release|x64.ActiveCfg = Release|x64
		{E8C836CE-CABC-43F2-A1D1-6B8A9017366E}.Release|x64.Build.0 = Release|x64
		{E8C836CE-CABC-43F2-A1D1-6B8A9017366E}.Release|x86.ActiveCfg = Release|Win32
		{E8C836CE-CABC-43F2-A1D1-6B8A9017366E}.Release|x86.Build.0 = Release|Win32
		{F07849E8-050F-41AD-BD4C-1EDA96A12D35}.Debug|x64.ActiveCfg = Debug|x64
		{F07849E8-050F-41AD-BD4C-1EDA96A12D35}.Debug|x64.Build.0 = Debug|x64
		{F07849E8-050F-41AD-BD4C-1EDA96A12D35}.Debug|x86.ActiveCfg = Debug|Win32
		{F07849E8-050F-41AD-BD4C-1EDA96A12D35}.Debug|x86.Build.0 = Debug|Win32
		{F07849E8-050F-41AD-BD4C-1EDA96A12D35}.Release|x64.ActiveCfg = Release|x64
		{F07849E8-050F-41AD-BD4C-1EDA96A12D35}.Release|x64.Build.0 = Release|x64
		{F07849E8-050F-41AD-BD4C-1EDA96A12D35}.Release|x86.ActiveCfg = Release|Win32
		{F07849E8-050F-41AD-BD4C-1EDA96A12D35}.Release|x86.Build.0 = Release|Win32
		{8E95133C-9D91-4F2A-A4CE-722C73E03759}.Debug|x64.ActiveCfg = Debug|x64
		{8E95133C-9D91-4F2A-A4CE-722C73E03759}.Debug|x64.Build.0 = Debug|x64
		{8E95133C-9D91-4F2A-A4CE-722C73E03759}.Debug|x86.ActiveCfg = Debug|Win32
		{8E95133C-9D91-4F2A-A4CE-722C73E03759}.Debug|x86.Build.0 = Debug|Win32
		{8E95133C-9D91-4F2A-A4CE-722C73E03759}.Release|x64.ActiveCfg = Release|x64
		{8E95133C-9D91-4F2A-A4CE-722C73E03759}.Release|x64.Build.0 = Release|x64
		{8E95133C-9D91-4F2A-A4CE-722C73E03759}.Release|x86.ActiveCfg = Release|Win32
		{8E95133C-9D91-4F2A-A4CE-722C73E03759}.Release|x86.Build.0 = Release|Win32
		{FD9E3D7F-50C2-4203-8206-AA40F650A38B}.Debug|x64.ActiveCfg = Debug|x64
		{FD9E3D7F-50C2-4203-8206-AA40F650A38B}.Debug|x64.Build.0 = Debug|x64
		{FD9E3D7F-50C2-4203-8206-AA40F650A38B}.Debug|x86.ActiveCfg = Debug|Win32
		{FD9E3D7F-50C2-4203-8206-AA40F650A38B}.Debug|x86.Build.0 = Debug|Win32
		{FD9E3D7F-50C2-4203-8206-AA40F650A38B}.Release|x64.ActiveCfg = Release|x64
		{FD9E3D7F-50C2-4203-8206-AA40F650A38B}.Release|x64.Build.0 = Release|x64
		{FD9E3D7F-50C2-4203-8206-AA40F650A38B}.Release|x86.ActiveCfg = Release|Win32
		{FD9E3D7F-50C2-4203-8206-AA40F650A38B}.Release|x86.Build.0 = Release|Win32
	EndGlobalSection
	GlobalSection(SolutionProperties) = preSolution
		HideSolutionNode = FALSE
	EndGlobalSection
	GlobalSection(ExtensibilityGlobals) = postSolution
		SolutionGuid = {C45C9254-B745-41D9-9A98-3CA3778CFC55}
	EndGlobalSection
EndGlobal
